{
  "name": "stenojam",
  "version": "1.0.0",
  "lockfileVersion": 2,
  "requires": true,
  "packages": {
    "": {
      "name": "stenojam",
      "version": "1.0.0",
      "license": "ISC",
      "dependencies": {
        "lite-youtube-embed": "^0.2.0"
      }
    },
    "node_modules/lite-youtube-embed": {
      "version": "0.2.0",
      "resolved": "https://registry.npmjs.org/lite-youtube-embed/-/lite-youtube-embed-0.2.0.tgz",
      "integrity": "sha512-XXXAk5sbvtjjwbie3XG+6HppgTm1HTGL/Uk9z9NkJH53o7puZLur434heHzAjkS60hZB3vT4ls25zl5rMiX4EA=="
    }
  },
  "dependencies": {
    "lite-youtube-embed": {
      "version": "0.2.0",
      "resolved": "https://registry.npmjs.org/lite-youtube-embed/-/lite-youtube-embed-0.2.0.tgz",
      "integrity": "sha512-XXXAk5sbvtjjwbie3XG+6HppgTm1HTGL/Uk9z9NkJH53o7puZLur434heHzAjkS60hZB3vT4ls25zl5rMiX4EA=="
    }
  }
}
